
Microsoft Visual Studio Solution File, Format Version 12.00
# Visual Studio Version 17
VisualStudioVersion = 17.9.34728.123
MinimumVisualStudioVersion = 10.0.40219.1
Project("{FAE04EC0-301F-11D3-BF4B-00C04F79EFBC}") = "PickACardUI", "PickACardUI\PickACardUI.csproj", "{36BB98B2-B0BF-4C96-A2AE-0B31532DB9C8}"
EndProject
Global
	GlobalSection(SolutionConfigurationPlatforms) = preSolution
		Debug|Any CPU = Debug|Any CPU
		Release|Any CPU = Release|Any CPU
	EndGlobalSection
	GlobalSection(ProjectConfigurationPlatforms) = postSolution
		{36BB98B2-B0BF-4C96-A2AE-0B31532DB9C8}.Debug|Any CPU.ActiveCfg = Debug|Any CPU
		{36BB98B2-B0BF-4C96-A2AE-0B31532DB9C8}.Debug|Any CPU.Build.0 = Debug|Any CPU
		{36BB98B2-B0BF-4C96-A2AE-0B31532DB9C8}.Release|Any CPU.ActiveCfg = Release|Any CPU
		{36BB98B2-B0BF-4C96-A2AE-0B31532DB9C8}.Release|Any CPU.Build.0 = Release|Any CPU
	EndGlobalSection
	GlobalSection(SolutionProperties) = preSolution
		HideSolutionNode = FALSE
	EndGlobalSection
	GlobalSection(ExtensibilityGlobals) = postSolution
		SolutionGuid = {73025CD4-E860-4E97-86BD-4B46C73D065C}
	EndGlobalSection
EndGlobal
